{
  "version": 1,
  "world": "Sdk",
  "manifestDigest": "bd7725984d9b61f6e34ca20164da47d87b13eddec2daf387cbb86c150d0f3379",
  "systems": {
    "CrosschainDemo": {
      "globs": [
        "apps/passkey-crosschain/**"
      ],
      "files": {
        "apps/passkey-crosschain/src/main.ts": "82e5020a59ec02c9cf4dcfc1c89a474cb9c5e9ff994e6b5641dddd8467aa481a",
        "apps/passkey-crosschain/vite.config.ts": "6273611936913991423d6da4306d428cf147bce0cdc1a5f60a849c35e4aff5bb"
      },
      "digest": "667ebe7c9d8ca302eb29e0eeddf7f1f490656ce8a72f77542c21c1be6be182fb"
    },
    "PasskeyDemo": {
      "globs": [
        "apps/passkey-demo/**"
      ],
      "files": {
        "apps/passkey-demo/src/main.ts": "d13ec7d1842459a97532155f98bca898911f7bc03c263922094bc187c6582a85",
        "apps/passkey-demo/vite.config.ts": "6273611936913991423d6da4306d428cf147bce0cdc1a5f60a849c35e4aff5bb"
      },
      "digest": "fff26da751abd303693884999b99f5b88a357022777d59964b541422fe71ecfc"
    },
    "Docs": {
      "globs": [
        "docs/**"
      ],
      "files": {
        "docs/components/Card.tsx": "6dc48774d136f866ca7e41ba650dfe740386aca10f5a3cf7fffc5cc9d1cc435d",
        "docs/components/Eyebrow.tsx": "fdeed8b010ae97779c203fd7d4808eb41e2b1026e686697d325dcdec5e3b4b2c",
        "docs/components/PasskeyAgentDemo.tsx": "8ab45b59e83e7d654bbf6720f8690659704d647e5574371846118bfad3b53a0d",
        "docs/components/PasskeyDemo.tsx": "58ba25ac5b6b95c5ac9ec61f111e3b265ad11c156d8759e7b7fc62558bcd7299",
        "docs/components/ThemeSwitch.tsx": "f638efd75689fc80f94b13e1757d7344299280b0d556e8a7550a099faaea8db1",
        "docs/components/UseCaseMeta.tsx": "10e6bc458842a5a6c3469b7266e79a81767236cffb5cf181c65f9f920155e126",
        "docs/components/demo/primitives.tsx": "1430ba48b99c1951847d86ed282b6c7abf40f40fbca485c94490a3d77af7e872",
        "docs/components/icons.tsx": "3b39200291f0a4371c317a755d0f0d73c985e073617fa6cd8c8f100eda744efd",
        "docs/layout.tsx": "38305ae255e958e3fb5ae92ae71035163cc38f5aecbdca40a0d32710937ca4d2",
        "docs/vocs.config.ts": "6fede528cdf8f8bc196db3bcca6fd69b9e733274d1e79f18adc353fcdadedc5e"
      },
      "digest": "fad539066954996eaac30bff3264f8b4b6a52c5352147bb1f8d4af8ae3accc70"
    },
    "RegistryTools": {
      "globs": [
        "packages/hypersigner-keystore-mcp/src/index.ts"
      ],
      "files": {
        "packages/hypersigner-keystore-mcp/src/index.ts": "786d0e309ee20d2ad3cef9f4bad5f1669154ec0b404981f0b1f20621b7bd0726"
      },
      "digest": "c350812f610aabf30e0e9a3d7495539bf2a25bed2a406dca9683d160fae9361d"
    },
    "RegistryCodec": {
      "globs": [
        "packages/hypersigner-keystore-mcp/src/keystore.ts"
      ],
      "files": {
        "packages/hypersigner-keystore-mcp/src/keystore.ts": "7332d412ddeb2fdb0a125ac6dfd49f11ef3181f6a2433aca6e0ac0d8c3d5e43a"
      },
      "digest": "d337a1461931cb42e066f40337b06a9b4a669c473d83ee6d267e643ee4c68b19"
    },
    "WalletTools": {
      "globs": [
        "packages/mcp/src/index.ts"
      ],
      "files": {
        "packages/mcp/src/index.ts": "8128b7d6334bafb27178c75a0c7621da44462f668bbe9f6e7db88b7b84b6bee0"
      },
      "digest": "eb06f3d1e3472a2956a7a51f8de4b26aa5caab06baa8cce069cf4250d427c57d"
    },
    "KeyVault": {
      "globs": [
        "packages/mcp/src/keys.ts"
      ],
      "files": {
        "packages/mcp/src/keys.ts": "42ef6d6b8a19948d21dd73963acd195a6593cf03925df4a2978b87e1c2f363a7"
      },
      "digest": "902ee656b33d07cc95c03ec65d07bec3f902a039e95fe656bbc2f8ecdbec6b8c"
    },
    "SessionLedger": {
      "globs": [
        "packages/mcp/src/sessions.ts"
      ],
      "files": {
        "packages/mcp/src/sessions.ts": "09ed537259857b6eb888ec70376558b1cb427f1fce260ead4832d397b097e6d8"
      },
      "digest": "9244a1071886c25d2bf48154c332ee12fd7cf4b1d05c1ca6c43f24846e5ce45a"
    },
    "Execution": {
      "globs": [
        "packages/wallet/src/execute.ts",
        "packages/wallet/src/balances.ts"
      ],
      "files": {
        "packages/wallet/src/balances.ts": "61668d6f9d9521b907343110183a839084b3cb0af2fad8a706cc9861c6535003",
        "packages/wallet/src/execute.ts": "b868f2e5557b6be1c6a70e837992466bd46cc8378675d4fa48d6379f5561f1d2"
      },
      "digest": "5d9b55a9dd04df503338fc249d901e8c9cd579dbc40b571ec5ea24fb9c0f90d6"
    },
    "WalletSdk": {
      "globs": [
        "packages/wallet/**",
        "tests/e2e/**"
      ],
      "files": {
        "packages/wallet/src/client.ts": "3fb755f3ec2aad1c656c34cf82cf14f8b7e9758992b6133144bc873f94e04c34",
        "packages/wallet/src/index.ts": "6ebfcd142521abfa1c6cfaa2918ac5a25f5089752b408cf81a48b192a5c9b82d",
        "packages/wallet/src/internal/types.ts": "a82ab0cb972dd55d242c5ca319d0fd6da6f50056a243340fc6cb0efb07bfdef3",
        "tests/e2e/bnb-prod-relay.ts": "f1767ddce168c77ec36bd015908a602da4c6ade284649131233eb18d7bdc69b8",
        "tests/e2e/bnb-testnet.ts": "6c0e0a66d9522d56e9b7be0df1134178326269aca56a019f8b8bb16803e2b473",
        "tests/e2e/repro.ts": "aa88589f2bdf4881f7acbc71237bf0ba2977627890b7198eb494fffd093efaf2",
        "tests/e2e/smoke-grant-first.ts": "8a6965ae896770810341cbd2c01c25e8fabe8d17406580f8222d548b49cdd89c",
        "tests/e2e/smoke-passkey.ts": "e6f070c054bad1639df4e2449da9ffdb0fa17d7a74db45468dfa70a4a73fe3ed",
        "tests/e2e/smoke-session.ts": "4d1c7f20556661a9d094829db9c4ea94e6e202d5fefd76c121ca1d2cb24b5b87",
        "tests/e2e/smoke-test.ts": "3bef14bc77242c82ccd679cda44f510162954b2892c740492948fca7f18a8a0e",
        "tests/e2e/spike-e2e-faucet.ts": "777a24f4c196ce15d18ac57f12c3a1b845a198520c06ad22925aa11d7df1ba65",
        "tests/e2e/spike-full-flow.ts": "d6fb3fa870e1972c3611b85b2b3add21d4e13bb12c13f00f171e781c168fc886",
        "tests/e2e/spike-porto-batching.ts": "e796ca244cb214808c59de081514152fc98f2747421077ccdc42e2110c58c371",
        "tests/e2e/spike-porto-only-session.ts": "f9847a689cb9ab052f20f8a86948c00190c35469427cce7b9c60d7c4c73f9a6d",
        "tests/e2e/spike-required-funds.ts": "dff68800ccb667d314bd106e9dd82074684898b2fead8f53872bfc4d7d12b644",
        "tests/e2e/testSyncSDK.ts": "1d57f1092c7cdf4451d44e0176e9786f67e332e15d8bb931ade75b0d7110e400"
      },
      "digest": "f1571d26faed1fce1d6ac891f73ccc05f4713a0b176c83a8e905dbf45da34ff2"
    },
    "Networks": {
      "globs": [
        "packages/wallet/src/config.ts"
      ],
      "files": {
        "packages/wallet/src/config.ts": "b92a997aa5d1dc8830c3988860679333bdbf3a7c7ecdd235199740d3330c2d42"
      },
      "digest": "dee5c6d9d1ed6cf94bee7f855a2bea876b7424d857f1bb3cec0131637075a808"
    },
    "Lifecycle": {
      "globs": [
        "packages/wallet/src/createWallet.ts",
        "packages/wallet/src/createPasskeyWallet.ts",
        "packages/wallet/src/recoverFromPasskey.ts"
      ],
      "files": {
        "packages/wallet/src/createPasskeyWallet.ts": "f1595b7381b6f37e9c910e019cf4164593dcdebe7f2c6c15fc978413ac3d60e9",
        "packages/wallet/src/createWallet.ts": "7862d05df0ce851f1c662bae7b38def6ae100d18030ae88c061183db8267812e",
        "packages/wallet/src/recoverFromPasskey.ts": "778dfb1c1761462dbcaed4d5ccf56fa98f53be2486e0540e40b201d64c7e4b6d"
      },
      "digest": "2d6178a99e70c942232c8d1819e1b2376383edaabbf2ea24164457427f808ca7"
    },
    "Sessions": {
      "globs": [
        "packages/wallet/src/grantSession.ts",
        "packages/wallet/src/revokeSession.ts",
        "packages/wallet/src/internal/sessions.ts"
      ],
      "files": {
        "packages/wallet/src/grantSession.ts": "fe09497b578fc9694bbd7c31ea4c696bdbe33c49456b2bf90f8467ab58b1773b",
        "packages/wallet/src/internal/sessions.ts": "e25aa67611f9259fab2d262c4f46f0f65749281db2aeef4130de30cc0397f99b",
        "packages/wallet/src/revokeSession.ts": "31dfbfb0f7d3cedd540e8cca4a026d0ada721d703370e0e895f5efc5f0d6ac15"
      },
      "digest": "8988fba03b7cabc7f4ec93dd82f3728499f90ec3765e978160a83f11a00e1dbc"
    },
    "KeystoreCodec": {
      "globs": [
        "packages/wallet/src/internal/keystore.ts"
      ],
      "files": {
        "packages/wallet/src/internal/keystore.ts": "e877f09dae765d7fa7483668316e361a1f4f69aba2ae6ffcd1557bdd1d2d3e2c"
      },
      "digest": "345dd18b9f41f10ef0cf95705c53d5fe8e029ced308c97edb75abbd07ca5c332"
    },
    "Signing": {
      "globs": [
        "packages/wallet/src/internal/signer.ts",
        "packages/wallet/src/internal/passkey.ts"
      ],
      "files": {
        "packages/wallet/src/internal/passkey.ts": "e27d45faf8d20dd55689de79b8edfd7003a0d6de4cffe272ee171722650fce16",
        "packages/wallet/src/internal/signer.ts": "45a7190b16f017bcb76ddb0ba6e98ace69680d0c632f8c71ee239bb5750f6d03"
      },
      "digest": "f07011070241baa39834332be948ec089a4876c9bd2643397061327f8546eed5"
    },
    "Relaying": {
      "globs": [
        "packages/wallet/src/internal/relay.ts"
      ],
      "files": {
        "packages/wallet/src/internal/relay.ts": "422f54ee86086d2f0ae137714cd0dfec6bc748196ff064b1032bd4a23cf2612e"
      },
      "digest": "bd7972ebe1c684ae9dfeadb50a1b4347403a44cf687cc4163ac1068e0d607133"
    },
    "KeySync": {
      "globs": [
        "packages/wallet/src/syncKeyToL2.ts"
      ],
      "files": {
        "packages/wallet/src/syncKeyToL2.ts": "8b5ca3c4d278d8e87e8bbafd17bc9c073e228ff699131c73b57556ce598f218d"
      },
      "digest": "7c2f158bc2aa53bf68bc2fccb5c34aef407bf9afb8d09b40254b220335615191"
    },
    "WalletMcp": {
      "globs": [
        "packages/mcp/**",
        "tests/e2e/smoke-mcp.ts"
      ],
      "files": {
        "tests/e2e/smoke-mcp.ts": "126661114ea8c659f28bd0ed29452d15e07bd3c57c67507e669be1a9c9f6f257"
      },
      "digest": "21eec1efe4902340850fb8929f0c03f5044fa1db1a5ef7de2b096fc51ca8a047"
    }
  },
  "coverage": {
    "universe": 50,
    "covered": 50
  },
  "approvedAt": "2026-07-13T17:34:05.626Z"
}
